Microsoft Visual Studio Solution File, Format Version 12.00
Project("{FAE04EC0-301F-11D3-BF4B-00C04F79EFBC}") = "Day1", "Year2015\Day1\Day1.csproj", "{3380D2BF-A809-4711-8818-D414914D20C3}"
EndProject
Project("{FAE04EC0-301F-11D3-BF4B-00C04F79EFBC}") = "Day2", "Year2015\Day2\Day2.csproj", "{34D77C96-D963-4932-8B3B-CA7F0E945272}"
EndProject
Project("{FAE04EC0-301F-11D3-BF4B-00C04F79EFBC}") = "Day3", "Year2015\Day3\Day3.csproj", "{83B8E59F-AC10-46B2-AD4A-45D85FFA839E}"
EndProject
Project("{FAE04EC0-301F-11D3-BF4B-00C04F79EFBC}") = "Day4", "Year2015\Day4\Day4.csproj", "{DB8E92E0-294A-46ED-AE81-88D816BDB83B}"
EndProject
Project("{FAE04EC0-301F-11D3-BF4B-00C04F79EFBC}") = "Day5", "Year2015\Day5\Day5.csproj", "{4619C676-8554-49F5-883F-CC925AE2F28F}"
EndProject
Project("{FAE04EC0-301F-11D3-BF4B-00C04F79EFBC}") = "Day6", "Year2015\Day6\Day6.csproj", "{28536838-DD29-47D3-AAF8-F43CFEEEA417}"
EndProject
Project("{2150E333-8FDC-42A3-9474-1A3956D46DE8}") = "Year2015", "Year2015", "{8CDC6E61-313D-4464-BA6E-69D4973291EF}"
EndProject
Project("{2150E333-8FDC-42A3-9474-1A3956D46DE8}") = "Year2022", "Year2022", "{D9B15EC2-D56F-4419-BBB0-DE80A87DA846}"
EndProject
Project("{FAE04EC0-301F-11D3-BF4B-00C04F79EFBC}") = "Day1", "Year2022\Day1\Day1.csproj", "{EB3BC943-3D30-46A7-B705-81D147C3BD3E}"
EndProject
Project("{FAE04EC0-301F-11D3-BF4B-00C04F79EFBC}") = "Day2", "Year2022\Day2\Day2.csproj", "{1E2DF479-E877-4080-91F9-FE12D9A4B0FF}"
EndProject
Project("{FAE04EC0-301F-11D3-BF4B-00C04F79EFBC}") = "Day3", "Year2022\Day3\Day3.csproj", "{C21C0C58-3BF0-4BAF-8FCA-655CABE9053F}"
EndProject
Project("{2150E333-8FDC-42A3-9474-1A3956D46DE8}") = "Year2016", "Year2016", "{E32CAB5C-3A7B-4F00-96A1-1D20D5CC5667}"
EndProject
Project("{2150E333-8FDC-42A3-9474-1A3956D46DE8}") = "Year2017", "Year2017", "{3937660F-5771-41CD-B768-089CA7FA38A1}"
EndProject
Project("{2150E333-8FDC-42A3-9474-1A3956D46DE8}") = "Year2018", "Year2018", "{0B7CA869-4872-482A-9EBF-9A2F7F48E4C8}"
EndProject
Project("{2150E333-8FDC-42A3-9474-1A3956D46DE8}") = "Year2019", "Year2019", "{E85DCF42-AFA9-4C06-B5E9-CAF5D7497C0E}"
EndProject
Project("{2150E333-8FDC-42A3-9474-1A3956D46DE8}") = "Year2020", "Year2020", "{08EFDD4E-35A7-4F5A-B80E-4EDF278560E1}"
EndProject
Project("{2150E333-8FDC-42A3-9474-1A3956D46DE8}") = "Year2021", "Year2021", "{CCDECD5C-6D20-48D6-AC3F-629EFB6B1AFC}"
EndProject
Project("{FAE04EC0-301F-11D3-BF4B-00C04F79EFBC}") = "Day1", "Year2016\Day1\Day1.csproj", "{9906FD46-D3C4-4433-BC2A-21B09C8A9FFD}"
EndProject
Project("{FAE04EC0-301F-11D3-BF4B-00C04F79EFBC}") = "Day1", "Year2017\Day1\Day1.csproj", "{C5C0087F-C473-49D8-A83F-6D2CFCF36B4E}"
EndProject
Project("{FAE04EC0-301F-11D3-BF4B-00C04F79EFBC}") = "Day1", "Year2018\Day1\Day1.csproj", "{2A1B479A-94E5-4539-9F54-F1C60CFEECC3}"
EndProject
Project("{FAE04EC0-301F-11D3-BF4B-00C04F79EFBC}") = "Day1", "Year2019\Day1\Day1.csproj", "{AEFFFCE3-80D7-4416-84C9-28459E976877}"
EndProject
Project("{FAE04EC0-301F-11D3-BF4B-00C04F79EFBC}") = "Day1", "Year2020\Day1\Day1.csproj", "{75A52F7C-1274-4698-B66C-E3DA7D2605D4}"
EndProject
Project("{FAE04EC0-301F-11D3-BF4B-00C04F79EFBC}") = "Day1", "Year2021\Day1\Day1.csproj", "{A56A9F1F-3328-4918-A544-51AB24BA626E}"
EndProject
Global
	GlobalSection(SolutionConfigurationPlatforms) = preSolution
		Debug|Any CPU = Debug|Any CPU
		Release|Any CPU = Release|Any CPU
	EndGlobalSection
	GlobalSection(ProjectConfigurationPlatforms) = postSolution
		{3380D2BF-A809-4711-8818-D414914D20C3}.Debug|Any CPU.ActiveCfg = Debug|Any CPU
		{3380D2BF-A809-4711-8818-D414914D20C3}.Debug|Any CPU.Build.0 = Debug|Any CPU
		{3380D2BF-A809-4711-8818-D414914D20C3}.Release|Any CPU.ActiveCfg = Release|Any CPU
		{3380D2BF-A809-4711-8818-D414914D20C3}.Release|Any CPU.Build.0 = Release|Any CPU
		{34D77C96-D963-4932-8B3B-CA7F0E945272}.Debug|Any CPU.ActiveCfg = Debug|Any CPU
		{34D77C96-D963-4932-8B3B-CA7F0E945272}.Debug|Any CPU.Build.0 = Debug|Any CPU
		{34D77C96-D963-4932-8B3B-CA7F0E945272}.Release|Any CPU.ActiveCfg = Release|Any CPU
		{34D77C96-D963-4932-8B3B-CA7F0E945272}.Release|Any CPU.Build.0 = Release|Any CPU
		{83B8E59F-AC10-46B2-AD4A-45D85FFA839E}.Debug|Any CPU.ActiveCfg = Debug|Any CPU
		{83B8E59F-AC10-46B2-AD4A-45D85FFA839E}.Debug|Any CPU.Build.0 = Debug|Any CPU
		{83B8E59F-AC10-46B2-AD4A-45D85FFA839E}.Release|Any CPU.ActiveCfg = Release|Any CPU
		{83B8E59F-AC10-46B2-AD4A-45D85FFA839E}.Release|Any CPU.Build.0 = Release|Any CPU
		{DB8E92E0-294A-46ED-AE81-88D816BDB83B}.Debug|Any CPU.ActiveCfg = Debug|Any CPU
		{DB8E92E0-294A-46ED-AE81-88D816BDB83B}.Debug|Any CPU.Build.0 = Debug|Any CPU
		{DB8E92E0-294A-46ED-AE81-88D816BDB83B}.Release|Any CPU.ActiveCfg = Release|Any CPU
		{DB8E92E0-294A-46ED-AE81-88D816BDB83B}.Release|Any CPU.Build.0 = Release|Any CPU
		{4619C676-8554-49F5-883F-CC925AE2F28F}.Debug|Any CPU.ActiveCfg = Debug|Any CPU
		{4619C676-8554-49F5-883F-CC925AE2F28F}.Debug|Any CPU.Build.0 = Debug|Any CPU
		{4619C676-8554-49F5-883F-CC925AE2F28F}.Release|Any CPU.ActiveCfg = Release|Any CPU
		{4619C676-8554-49F5-883F-CC925AE2F28F}.Release|Any CPU.Build.0 = Release|Any CPU
		{28536838-DD29-47D3-AAF8-F43CFEEEA417}.Debug|Any CPU.ActiveCfg = Debug|Any CPU
		{28536838-DD29-47D3-AAF8-F43CFEEEA417}.Debug|Any CPU.Build.0 = Debug|Any CPU
		{28536838-DD29-47D3-AAF8-F43CFEEEA417}.Release|Any CPU.ActiveCfg = Release|Any CPU
		{28536838-DD29-47D3-AAF8-F43CFEEEA417}.Release|Any CPU.Build.0 = Release|Any CPU
		{EB3BC943-3D30-46A7-B705-81D147C3BD3E}.Debug|Any CPU.ActiveCfg = Debug|Any CPU
		{EB3BC943-3D30-46A7-B705-81D147C3BD3E}.Debug|Any CPU.Build.0 = Debug|Any CPU
		{EB3BC943-3D30-46A7-B705-81D147C3BD3E}.Release|Any CPU.ActiveCfg = Release|Any CPU
		{EB3BC943-3D30-46A7-B705-81D147C3BD3E}.Release|Any CPU.Build.0 = Release|Any CPU
		{1E2DF479-E877-4080-91F9-FE12D9A4B0FF}.Debug|Any CPU.ActiveCfg = Debug|Any CPU
		{1E2DF479-E877-4080-91F9-FE12D9A4B0FF}.Debug|Any CPU.Build.0 = Debug|Any CPU
		{1E2DF479-E877-4080-91F9-FE12D9A4B0FF}.Release|Any CPU.ActiveCfg = Release|Any CPU
		{1E2DF479-E877-4080-91F9-FE12D9A4B0FF}.Release|Any CPU.Build.0 = Release|Any CPU
		{C21C0C58-3BF0-4BAF-8FCA-655CABE9053F}.Debug|Any CPU.ActiveCfg = Debug|Any CPU
		{C21C0C58-3BF0-4BAF-8FCA-655CABE9053F}.Debug|Any CPU.Build.0 = Debug|Any CPU
		{C21C0C58-3BF0-4BAF-8FCA-655CABE9053F}.Release|Any CPU.ActiveCfg = Release|Any CPU
		{C21C0C58-3BF0-4BAF-8FCA-655CABE9053F}.Release|Any CPU.Build.0 = Release|Any CPU
		{9906FD46-D3C4-4433-BC2A-21B09C8A9FFD}.Debug|Any CPU.ActiveCfg = Debug|Any CPU
		{9906FD46-D3C4-4433-BC2A-21B09C8A9FFD}.Debug|Any CPU.Build.0 = Debug|Any CPU
		{9906FD46-D3C4-4433-BC2A-21B09C8A9FFD}.Release|Any CPU.ActiveCfg = Release|Any CPU
		{9906FD46-D3C4-4433-BC2A-21B09C8A9FFD}.Release|Any CPU.Build.0 = Release|Any CPU
		{C5C0087F-C473-49D8-A83F-6D2CFCF36B4E}.Debug|Any CPU.ActiveCfg = Debug|Any CPU
		{C5C0087F-C473-49D8-A83F-6D2CFCF36B4E}.Debug|Any CPU.Build.0 = Debug|Any CPU
		{C5C0087F-C473-49D8-A83F-6D2CFCF36B4E}.Release|Any CPU.ActiveCfg = Release|Any CPU
		{C5C0087F-C473-49D8-A83F-6D2CFCF36B4E}.Release|Any CPU.Build.0 = Release|Any CPU
		{2A1B479A-94E5-4539-9F54-F1C60CFEECC3}.Debug|Any CPU.ActiveCfg = Debug|Any CPU
		{2A1B479A-94E5-4539-9F54-F1C60CFEECC3}.Debug|Any CPU.Build.0 = Debug|Any CPU
		{2A1B479A-94E5-4539-9F54-F1C60CFEECC3}.Release|Any CPU.ActiveCfg = Release|Any CPU
		{2A1B479A-94E5-4539-9F54-F1C60CFEECC3}.Release|Any CPU.Build.0 = Release|Any CPU
		{AEFFFCE3-80D7-4416-84C9-28459E976877}.Debug|Any CPU.ActiveCfg = Debug|Any CPU
		{AEFFFCE3-80D7-4416-84C9-28459E976877}.Debug|Any CPU.Build.0 = Debug|Any CPU
		{AEFFFCE3-80D7-4416-84C9-28459E976877}.Release|Any CPU.ActiveCfg = Release|Any CPU
		{AEFFFCE3-80D7-4416-84C9-28459E976877}.Release|Any CPU.Build.0 = Release|Any CPU
		{75A52F7C-1274-4698-B66C-E3DA7D2605D4}.Debug|Any CPU.ActiveCfg = Debug|Any CPU
		{75A52F7C-1274-4698-B66C-E3DA7D2605D4}.Debug|Any CPU.Build.0 = Debug|Any CPU
		{75A52F7C-1274-4698-B66C-E3DA7D2605D4}.Release|Any CPU.ActiveCfg = Release|Any CPU
		{75A52F7C-1274-4698-B66C-E3DA7D2605D4}.Release|Any CPU.Build.0 = Release|Any CPU
		{A56A9F1F-3328-4918-A544-51AB24BA626E}.Debug|Any CPU.ActiveCfg = Debug|Any CPU
		{A56A9F1F-3328-4918-A544-51AB24BA626E}.Debug|Any CPU.Build.0 = Debug|Any CPU
		{A56A9F1F-3328-4918-A544-51AB24BA626E}.Release|Any CPU.ActiveCfg = Release|Any CPU
		{A56A9F1F-3328-4918-A544-51AB24BA626E}.Release|Any CPU.Build.0 = Release|Any CPU
	EndGlobalSection
	GlobalSection(NestedProjects) = preSolution
		{3380D2BF-A809-4711-8818-D414914D20C3} = {8CDC6E61-313D-4464-BA6E-69D4973291EF}
		{83B8E59F-AC10-46B2-AD4A-45D85FFA839E} = {8CDC6E61-313D-4464-BA6E-69D4973291EF}
		{34D77C96-D963-4932-8B3B-CA7F0E945272} = {8CDC6E61-313D-4464-BA6E-69D4973291EF}
		{DB8E92E0-294A-46ED-AE81-88D816BDB83B} = {8CDC6E61-313D-4464-BA6E-69D4973291EF}
		{4619C676-8554-49F5-883F-CC925AE2F28F} = {8CDC6E61-313D-4464-BA6E-69D4973291EF}
		{28536838-DD29-47D3-AAF8-F43CFEEEA417} = {8CDC6E61-313D-4464-BA6E-69D4973291EF}
		{EB3BC943-3D30-46A7-B705-81D147C3BD3E} = {D9B15EC2-D56F-4419-BBB0-DE80A87DA846}
		{1E2DF479-E877-4080-91F9-FE12D9A4B0FF} = {D9B15EC2-D56F-4419-BBB0-DE80A87DA846}
		{C21C0C58-3BF0-4BAF-8FCA-655CABE9053F} = {D9B15EC2-D56F-4419-BBB0-DE80A87DA846}
		{9906FD46-D3C4-4433-BC2A-21B09C8A9FFD} = {E32CAB5C-3A7B-4F00-96A1-1D20D5CC5667}
		{C5C0087F-C473-49D8-A83F-6D2CFCF36B4E} = {3937660F-5771-41CD-B768-089CA7FA38A1}
		{2A1B479A-94E5-4539-9F54-F1C60CFEECC3} = {0B7CA869-4872-482A-9EBF-9A2F7F48E4C8}
		{AEFFFCE3-80D7-4416-84C9-28459E976877} = {E85DCF42-AFA9-4C06-B5E9-CAF5D7497C0E}
		{75A52F7C-1274-4698-B66C-E3DA7D2605D4} = {08EFDD4E-35A7-4F5A-B80E-4EDF278560E1}
		{A56A9F1F-3328-4918-A544-51AB24BA626E} = {CCDECD5C-6D20-48D6-AC3F-629EFB6B1AFC}
	EndGlobalSection
EndGlobal
